
Microsoft Visual Studio Solution File, Format Version 12.00
# Visual Studio 15
VisualStudioVersion = 15.0.28307.902
MinimumVisualStudioVersion = 10.0.40219.1
Project("{8BC9CEB8-8B4A-11D0-8D11-00A0C91BC942}") = "TicTac", "TicTac\TicTac.vcxproj", "{4CB72242-1158-43D7-B4C4-712FA72EA158}"
EndProject
Global
	GlobalSection(SolutionConfigurationPlatforms) = preSolution
		Debug|x64 = Debug|x64
		Debug|x86 = Debug|x86
		Release|x64 = Release|x64
		Release|x86 = Release|x86
	EndGlobalSection
	GlobalSection(ProjectConfigurationPlatforms) = postSolution
		{4CB72242-1158-43D7-B4C4-712FA72EA158}.Debug|x64.ActiveCfg = Debug|x64
		{4CB72242-1158-43D7-B4C4-712FA72EA158}.Debug|x64.Build.0 = Debug|x64
		{4CB72242-1158-43D7-B4C4-712FA72EA158}.Debug|x86.ActiveCfg = Debug|Win32
		{4CB72242-1158-43D7-B4C4-712FA72EA158}.Debug|x86.Build.0 = Debug|Win32
		{4CB72242-1158-43D7-B4C4-712FA72EA158}.Release|x64.ActiveCfg = Release|x64
		{4CB72242-1158-43D7-B4C4-712FA72EA158}.Release|x64.Build.0 = Release|x64
		{4CB72242-1158-43D7-B4C4-712FA72EA158}.Release|x86.ActiveCfg = Release|Win32
		{4CB72242-1158-43D7-B4C4-712FA72EA158}.Release|x86.Build.0 = Release|Win32
	EndGlobalSection
	GlobalSection(SolutionProperties) = preSolution
		HideSolutionNode = FALSE
	EndGlobalSection
	GlobalSection(ExtensibilityGlobals) = postSolution
		SolutionGuid = {236A9A4F-0FDB-4AAC-A3D6-B3A4B35FD794}
	EndGlobalSection
EndGlobal
